// !$*UTF8*$!
{
	archiveVersion = 1;
	classes = {
	};
	objectVersion = 46;
	objects = {

/* Begin PBXBuildFile section */
		9152D9381B3EE42100BA68B2 /* AppDelegate.swift in Sources */ = {isa = PBXBuildFile; fileRef = 9152D9371B3EE42100BA68B2 /* AppDelegate.swift */; };
		9152D93A1B3EE42100BA68B2 /* Images.xcassets in Resources */ = {isa = PBXBuildFile; fileRef = 9152D9391B3EE42100BA68B2 /* Images.xcassets */; };
		9152D9491B3EE42100BA68B2 /* sctTests.swift in Sources */ = {isa = PBXBuildFile; fileRef = 9152D9481B3EE42100BA68B2 /* sctTests.swift */; };
		9152D9531B3EE4F000BA68B2 /* main.swift in Sources */ = {isa = PBXBuildFile; fileRef = 9152D9521B3EE4F000BA68B2 /* main.swift */; };
		9152D9561B3EE7AA00BA68B2 /* hotkey.m in Sources */ = {isa = PBXBuildFile; fileRef = 9152D9551B3EE7AA00BA68B2 /* hotkey.m */; };
		9152D9581B3EE93600BA68B2 /* images.xcassets in Resources */ = {isa = PBXBuildFile; fileRef = 9152D9571B3EE93600BA68B2 /* images.xcassets */; };
/* End PBXBuildFile section */

/* Begin PBXContainerItemProxy section */
		9152D9431B3EE42100BA68B2 /* PBXContainerItemProxy */ = {
			isa = PBXContainerItemProxy;
			containerPortal = 9152D92A1B3EE42100BA68B2 /* Project object */;
			proxyType = 1;
			remoteGlobalIDString = 9152D9311B3EE42100BA68B2;
			remoteInfo = sct;
		};
/* End PBXContainerItemProxy section */

/* Begin PBXFileReference section */
		9152D9321B3EE42100BA68B2 /* sct.app */ = {isa = PBXFileReference; explicitFileType = wrapper.application; includeInIndex = 0; path = sct.app; sourceTree = BUILT_PRODUCTS_DIR; };
		9152D9361B3EE42100BA68B2 /* Info.plist */ = {isa = PBXFileReference; lastKnownFileType = text.plist.xml; path = Info.plist; sourceTree = "<group>"; };
		9152D9371B3EE42100BA68B2 /* AppDelegate.swift */ = {isa = PBXFileReference; lastKnownFileType = sourcecode.swift; path = AppDelegate.swift; sourceTree = "<group>"; };
		9152D9391B3EE42100BA68B2 /* Images.xcassets */ = {isa = PBXFileReference; lastKnownFileType = folder.assetcatalog; path = Images.xcassets; sourceTree = "<group>"; };
		9152D9421B3EE42100BA68B2 /* sctTests.xctest */ = {isa = PBXFileReference; explicitFileType = wrapper.cfbundle; includeInIndex = 0; path = sctTests.xctest; sourceTree = BUILT_PRODUCTS_DIR; };
		9152D9471B3EE42100BA68B2 /* Info.plist */ = {isa = PBXFileReference; lastKnownFileType = text.plist.xml; path = Info.plist; sourceTree = "<group>"; };
		9152D9481B3EE42100BA68B2 /* sctTests.swift */ = {isa = PBXFileReference; lastKnownFileType = sourcecode.swift; path = sctTests.swift; sourceTree = "<group>"; };
		9152D9521B3EE4F000BA68B2 /* main.swift */ = {isa = PBXFileReference; fileEncoding = 4; lastKnownFileType = sourcecode.swift; path = main.swift; sourceTree = "<group>"; };
		9152D9541B3EE7A900BA68B2 /* sct-Bridging-Header.h */ = {isa = PBXFileReference; lastKnownFileType = sourcecode.c.h; path = "sct-Bridging-Header.h"; sourceTree = "<group>"; };
		9152D9551B3EE7AA00BA68B2 /* hotkey.m */ = {isa = PBXFileReference; fileEncoding = 4; lastKnownFileType = sourcecode.c.objc; path = hotkey.m; sourceTree = "<group>"; };
		9152D9571B3EE93600BA68B2 /* images.xcassets */ = {isa = PBXFileReference; lastKnownFileType = folder.assetcatalog; path = images.xcassets; sourceTree = "<group>"; };
		9152D9591B3EEA2600BA68B2 /* hotkey.h */ = {isa = PBXFileReference; lastKnownFileType = sourcecode.c.h; name = hotkey.h; path = ../hotkey.h; sourceTree = "<group>"; };
/* End PBXFileReference section */

/* Begin PBXFrameworksBuildPhase section */
		9152D92F1B3EE42100BA68B2 /* Frameworks */ = {
			isa = PBXFrameworksBuildPhase;
			buildActionMask = 2147483647;
			files = (
			);
			runOnlyForDeploymentPostprocessing = 0;
		};
		9152D93F1B3EE42100BA68B2 /* Frameworks */ = {
			isa = PBXFrameworksBuildPhase;
			buildActionMask = 2147483647;
			files = (
			);
			runOnlyForDeploymentPostprocessing = 0;
		};
/* End PBXFrameworksBuildPhase section */

/* Begin PBXGroup section */
		9152D9291B3EE42100BA68B2 = {
			isa = PBXGroup;
			children = (
				9152D9571B3EE93600BA68B2 /* images.xcassets */,
				9152D9341B3EE42100BA68B2 /* sct */,
				9152D9451B3EE42100BA68B2 /* sctTests */,
				9152D9331B3EE42100BA68B2 /* Products */,
			);
			sourceTree = "<group>";
		};
		9152D9331B3EE42100BA68B2 /* Products */ = {
			isa = PBXGroup;
			children = (
				9152D9321B3EE42100BA68B2 /* sct.app */,
				9152D9421B3EE42100BA68B2 /* sctTests.xctest */,
			);
			name = Products;
			sourceTree = "<group>";
		};
		9152D9341B3EE42100BA68B2 /* sct */ = {
			isa = PBXGroup;
			children = (
				9152D9591B3EEA2600BA68B2 /* hotkey.h */,
				9152D9371B3EE42100BA68B2 /* AppDelegate.swift */,
				9152D9391B3EE42100BA68B2 /* Images.xcassets */,
				9152D9351B3EE42100BA68B2 /* Supporting Files */,
				9152D9551B3EE7AA00BA68B2 /* hotkey.m */,
				9152D9541B3EE7A900BA68B2 /* sct-Bridging-Header.h */,
			);
			path = sct;
			sourceTree = "<group>";
		};
		9152D9351B3EE42100BA68B2 /* Supporting Files */ = {
			isa = PBXGroup;
			children = (
				9152D9361B3EE42100BA68B2 /* Info.plist */,
				9152D9521B3EE4F000BA68B2 /* main.swift */,
			);
			name = "Supporting Files";
			sourceTree = "<group>";
		};
		9152D9451B3EE42100BA68B2 /* sctTests */ = {
			isa = PBXGroup;
			children = (
				9152D9481B3EE42100BA68B2 /* sctTests.swift */,
				9152D9461B3EE42100BA68B2 /* Supporting Files */,
			);
			path = sctTests;
			sourceTree = "<group>";
		};
		9152D9461B3EE42100BA68B2 /* Supporting Files */ = {
			isa = PBXGroup;
			children = (
				9152D9471B3EE42100BA68B2 /* Info.plist */,
			);
			name = "Supporting Files";
			sourceTree = "<group>";
		};
/* End PBXGroup section */

/* Begin PBXNativeTarget section */
		9152D9311B3EE42100BA68B2 /* sct */ = {
			isa = PBXNativeTarget;
			buildConfigurationList = 9152D94C1B3EE42100BA68B2 /* Build configuration list for PBXNativeTarget "sct" */;
			buildPhases = (
				9152D92E1B3EE42100BA68B2 /* Sources */,
				9152D92F1B3EE42100BA68B2 /* Frameworks */,
				9152D9301B3EE42100BA68B2 /* Resources */,
			);
			buildRules = (
			);
			dependencies = (
			);
			name = sct;
			productName = sct;
			productReference = 9152D9321B3EE42100BA68B2 /* sct.app */;
			productType = "com.apple.product-type.application";
		};
		9152D9411B3EE42100BA68B2 /* sctTests */ = {
			isa = PBXNativeTarget;
			buildConfigurationList = 9152D94F1B3EE42100BA68B2 /* Build configuration list for PBXNativeTarget "sctTests" */;
			buildPhases = (
				9152D93E1B3EE42100BA68B2 /* Sources */,
				9152D93F1B3EE42100BA68B2 /* Frameworks */,
				9152D9401B3EE42100BA68B2 /* Resources */,
			);
			buildRules = (
			);
			dependencies = (
				9152D9441B3EE42100BA68B2 /* PBXTargetDependency */,
			);
			name = sctTests;
			productName = sctTests;
			productReference = 9152D9421B3EE42100BA68B2 /* sctTests.xctest */;
			productType = "com.apple.product-type.bundle.unit-test";
		};
/* End PBXNativeTarget section */

/* Begin PBXProject section */
		9152D92A1B3EE42100BA68B2 /* Project object */ = {
			isa = PBXProject;
			attributes = {
				LastSwiftMigration = 0720;
				LastSwiftUpdateCheck = 0720;
				LastUpgradeCheck = 0720;
				ORGANIZATIONNAME = EunseokEom;
				TargetAttributes = {
					9152D9311B3EE42100BA68B2 = {
						CreatedOnToolsVersion = 6.3.2;
					};
					9152D9411B3EE42100BA68B2 = {
						CreatedOnToolsVersion = 6.3.2;
						TestTargetID = 9152D9311B3EE42100BA68B2;
					};
				};
			};
			buildConfigurationList = 9152D92D1B3EE42100BA68B2 /* Build configuration list for PBXProject "sct" */;
			compatibilityVersion = "Xcode 3.2";
			developmentRegion = English;
			hasScannedForEncodings = 0;
			knownRegions = (
				en,
				Base,
			);
			mainGroup = 9152D9291B3EE42100BA68B2;
			productRefGroup = 9152D9331B3EE42100BA68B2 /* Products */;
			projectDirPath = "";
			projectRoot = "";
			targets = (
				9152D9311B3EE42100BA68B2 /* sct */,
				9152D9411B3EE42100BA68B2 /* sctTests */,
			);
		};
/* End PBXProject section */

/* Begin PBXResourcesBuildPhase section */
		9152D9301B3EE42100BA68B2 /* Resources */ = {
			isa = PBXResourcesBuildPhase;
			buildActionMask = 2147483647;
			files = (
				9152D9581B3EE93600BA68B2 /* images.xcassets in Resources */,
				9152D93A1B3EE42100BA68B2 /* Images.xcassets in Resources */,
			);
			runOnlyForDeploymentPostprocessing = 0;
		};
		9152D9401B3EE42100BA68B2 /* Resources */ = {
			isa = PBXResourcesBuildPhase;
			buildActionMask = 2147483647;
			files = (
			);
			runOnlyForDeploymentPostprocessing = 0;
		};
/* End PBXResourcesBuildPhase section */

/* Begin PBXSourcesBuildPhase section */
		9152D92E1B3EE42100BA68B2 /* Sources */ = {
			isa = PBXSourcesBuildPhase;
			buildActionMask = 2147483647;
			files = (
				9152D9531B3EE4F000BA68B2 /* main.swift in Sources */,
				9152D9381B3EE42100BA68B2 /* AppDelegate.swift in Sources */,
				9152D9561B3EE7AA00BA68B2 /* hotkey.m in Sources */,
			);
			runOnlyForDeploymentPostprocessing = 0;
		};
		9152D93E1B3EE42100BA68B2 /* Sources */ = {
			isa = PBXSourcesBuildPhase;
			buildActionMask = 2147483647;
			files = (
				9152D9491B3EE42100BA68B2 /* sctTests.swift in Sources */,
			);
			runOnlyForDeploymentPostprocessing = 0;
		};
/* End PBXSourcesBuildPhase section */

/* Begin PBXTargetDependency section */
		9152D9441B3EE42100BA68B2 /* PBXTargetDependency */ = {
			isa = PBXTargetDependency;
			target = 9152D9311B3EE42100BA68B2 /* sct */;
			targetProxy = 9152D9431B3EE42100BA68B2 /* PBXContainerItemProxy */;
		};
/* End PBXTargetDependency section */

/* Begin XCBuildConfiguration section */
		9152D94A1B3EE42100BA68B2 /* Debug */ = {
			isa = XCBuildConfiguration;
			buildSettings = {
				ALWAYS_SEARCH_USER_PATHS = NO;
				CLANG_CXX_LANGUAGE_STANDARD = "gnu++0x";
				CLANG_CXX_LIBRARY = "libc++";
				CLANG_ENABLE_MODULES = YES;
				CLANG_ENABLE_OBJC_ARC = YES;
				CLANG_WARN_BOOL_CONVERSION = YES;
				CLANG_WARN_CONSTANT_CONVERSION = YES;
				CLANG_WARN_DIRECT_OBJC_ISA_USAGE = YES_ERROR;
				CLANG_WARN_EMPTY_BODY = YES;
				CLANG_WARN_ENUM_CONVERSION = YES;
				CLANG_WARN_INT_CONVERSION = YES;
				CLANG_WARN_OBJC_ROOT_CLASS = YES_ERROR;
				CLANG_WARN_UNREACHABLE_CODE = YES;
				CLANG_WARN__DUPLICATE_METHOD_MATCH = YES;
				CODE_SIGN_IDENTITY = "-";
				COPY_PHASE_STRIP = NO;
				DEBUG_INFORMATION_FORMAT = dwarf;
				ENABLE_STRICT_OBJC_MSGSEND = YES;
				ENABLE_TESTABILITY = YES;
				GCC_C_LANGUAGE_STANDARD = gnu99;
				GCC_DYNAMIC_NO_PIC = NO;
				GCC_NO_COMMON_BLOCKS = YES;
				GCC_OPTIMIZATION_LEVEL = 0;
				GCC_PREPROCESSOR_DEFINITIONS = (
					"DEBUG=1",
					"$(inherited)",
				);
				GCC_SYMBOLS_PRIVATE_EXTERN = NO;
				GCC_WARN_64_TO_32_BIT_CONVERSION = YES;
				GCC_WARN_ABOUT_RETURN_TYPE = YES_ERROR;
				GCC_WARN_UNDECLARED_SELECTOR = YES;
				GCC_WARN_UNINITIALIZED_AUTOS = YES_AGGRESSIVE;
				GCC_WARN_UNUSED_FUNCTION = YES;
				GCC_WARN_UNUSED_VARIABLE = YES;
				MACOSX_DEPLOYMENT_TARGET = 10.10;
				MTL_ENABLE_DEBUG_INFO = YES;
				ONLY_ACTIVE_ARCH = YES;
				SDKROOT = macosx;
				SWIFT_OPTIMIZATION_LEVEL = "-Onone";
			};
			name = Debug;
		};
		9152D94B1B3EE42100BA68B2 /* Release */ = {
			isa = XCBuildConfiguration;
			buildSettings = {
				ALWAYS_SEARCH_USER_PATHS = NO;
				CLANG_CXX_LANGUAGE_STANDARD = "gnu++0x";
				CLANG_CXX_LIBRARY = "libc++";
				CLANG_ENABLE_MODULES = YES;
				CLANG_ENABLE_OBJC_ARC = YES;
				CLANG_WARN_BOOL_CONVERSION = YES;
				CLANG_WARN_CONSTANT_CONVERSION = YES;
				CLANG_WARN_DIRECT_OBJC_ISA_USAGE = YES_ERROR;
				CLANG_WARN_EMPTY_BODY = YES;
				CLANG_WARN_ENUM_CONVERSION = YES;
				CLANG_WARN_INT_CONVERSION = YES;
				CLANG_WARN_OBJC_ROOT_CLASS = YES_ERROR;
				CLANG_WARN_UNREACHABLE_CODE = YES;
				CLANG_WARN__DUPLICATE_METHOD_MATCH = YES;
				CODE_SIGN_IDENTITY = "-";
				COPY_PHASE_STRIP = NO;
				DEBUG_INFORMATION_FORMAT = "dwarf-with-dsym";
				ENABLE_NS_ASSERTIONS = NO;
				ENABLE_STRICT_OBJC_MSGSEND = YES;
				GCC_C_LANGUAGE_STANDARD = gnu99;
				GCC_NO_COMMON_BLOCKS = YES;
				GCC_WARN_64_TO_32_BIT_CONVERSION = YES;
				GCC_WARN_ABOUT_RETURN_TYPE = YES_ERROR;
				GCC_WARN_UNDECLARED_SELECTOR = YES;
				GCC_WARN_UNINITIALIZED_AUTOS = YES_AGGRESSIVE;
				GCC_WARN_UNUSED_FUNCTION = YES;
				GCC_WARN_UNUSED_VARIABLE = YES;
				MACOSX_DEPLOYMENT_TARGET = 10.10;
				MTL_ENABLE_DEBUG_INFO = NO;
				SDKROOT = macosx;
			};
			name = Release;
		};
		9152D94D1B3EE42100BA68B2 /* Debug */ = {
			isa = XCBuildConfiguration;
			buildSettings = {
				ASSETCATALOG_COMPILER_APPICON_NAME = AppIcon;
				CLANG_ENABLE_MODULES = YES;
				COMBINE_HIDPI_IMAGES = YES;
				INFOPLIST_FILE = sct/Info.plist;
				LD_RUNPATH_SEARCH_PATHS = "$(inherited) @executable_path/../Frameworks";
				PRODUCT_BUNDLE_IDENTIFIER = "org.eseom.$(PRODUCT_NAME:rfc1034identifier)";
				PRODUCT_NAME = "$(TARGET_NAME)";
				SWIFT_OBJC_BRIDGING_HEADER = "sct/sct-Bridging-Header.h";
				SWIFT_OPTIMIZATION_LEVEL = "-Onone";
			};
			name = Debug;
		};
		9152D94E1B3EE42100BA68B2 /* Release */ = {
			isa = XCBuildConfiguration;
			buildSettings = {
				ASSETCATALOG_COMPILER_APPICON_NAME = AppIcon;
				CLANG_ENABLE_MODULES = YES;
				COMBINE_HIDPI_IMAGES = YES;
				INFOPLIST_FILE = sct/Info.plist;
				LD_RUNPATH_SEARCH_PATHS = "$(inherited) @executable_path/../Frameworks";
				PRODUCT_BUNDLE_IDENTIFIER = "org.eseom.$(PRODUCT_NAME:rfc1034identifier)";
				PRODUCT_NAME = "$(TARGET_NAME)";
				SWIFT_OBJC_BRIDGING_HEADER = "sct/sct-Bridging-Header.h";
			};
			name = Release;
		};
		9152D9501B3EE42100BA68B2 /* Debug */ = {
			isa = XCBuildConfiguration;
			buildSettings = {
				BUNDLE_LOADER = "$(TEST_HOST)";
				COMBINE_HIDPI_IMAGES = YES;
				FRAMEWORK_SEARCH_PATHS = (
					"$(DEVELOPER_FRAMEWORKS_DIR)",
					"$(inherited)",
				);
				GCC_PREPROCESSOR_DEFINITIONS = (
					"DEBUG=1",
					"$(inherited)",
				);
				INFOPLIST_FILE = sctTests/Info.plist;
				LD_RUNPATH_SEARCH_PATHS = "$(inherited) @executable_path/../Frameworks @loader_path/../Frameworks";
				PRODUCT_BUNDLE_IDENTIFIER = "org.eseom.$(PRODUCT_NAME:rfc1034identifier)";
				PRODUCT_NAME = "$(TARGET_NAME)";
				TEST_HOST = "$(BUILT_PRODUCTS_DIR)/sct.app/Contents/MacOS/sct";
			};
			name = Debug;
		};
		9152D9511B3EE42100BA68B2 /* Release */ = {
			isa = XCBuildConfiguration;
			buildSettings = {
				BUNDLE_LOADER = "$(TEST_HOST)";
				COMBINE_HIDPI_IMAGES = YES;
				FRAMEWORK_SEARCH_PATHS = (
					"$(DEVELOPER_FRAMEWORKS_DIR)",
					"$(inherited)",
				);
				INFOPLIST_FILE = sctTests/Info.plist;
				LD_RUNPATH_SEARCH_PATHS = "$(inherited) @executable_path/../Frameworks @loader_path/../Frameworks";
				PRODUCT_BUNDLE_IDENTIFIER = "org.eseom.$(PRODUCT_NAME:rfc1034identifier)";
				PRODUCT_NAME = "$(TARGET_NAME)";
				TEST_HOST = "$(BUILT_PRODUCTS_DIR)/sct.app/Contents/MacOS/sct";
			};
			name = Release;
		};
/* End XCBuildConfiguration section */

/* Begin XCConfigurationList section */
		9152D92D1B3EE42100BA68B2 /* Build configuration list for PBXProject "sct" */ = {
			isa = XCConfigurationList;
			buildConfigurations = (
				9152D94A1B3EE42100BA68B2 /* Debug */,
				9152D94B1B3EE42100BA68B2 /* Release */,
			);
			defaultConfigurationIsVisible = 0;
			defaultConfigurationName = Release;
		};
		9152D94C1B3EE42100BA68B2 /* Build configuration list for PBXNativeTarget "sct" */ = {
			isa = XCConfigurationList;
			buildConfigurations = (
				9152D94D1B3EE42100BA68B2 /* Debug */,
				9152D94E1B3EE42100BA68B2 /* Release */,
			);
			defaultConfigurationIsVisible = 0;
			defaultConfigurationName = Release;
		};
		9152D94F1B3EE42100BA68B2 /* Build configuration list for PBXNativeTarget "sctTests" */ = {
			isa = XCConfigurationList;
			buildConfigurations = (
				9152D9501B3EE42100BA68B2 /* Debug */,
				9152D9511B3EE42100BA68B2 /* Release */,
			);
			defaultConfigurationIsVisible = 0;
			defaultConfigurationName = Release;
		};
/* End XCConfigurationList section */
	};
	rootObject = 9152D92A1B3EE42100BA68B2 /* Project object */;
}
